
Microsoft Visual Studio Solution File, Format Version 12.00
Project("{FAE04EC0-301F-11D3-BF4B-00C04F79EFBC}") = "slavagmBackend.Core", "slavagmBackend.Core\slavagmBackend.Core.csproj", "{C1DE574D-0B89-41E6-A8BE-0538D54CF250}"
EndProject
Project("{FAE04EC0-301F-11D3-BF4B-00C04F79EFBC}") = "slavagmBackend.Infrastructure", "slavagmBackend.Infrastructure\slavagmBackend.Infrastructure.csproj", "{8E8C7EC8-8785-42BE-BFD2-607AFB72EE05}"
EndProject
Project("{FAE04EC0-301F-11D3-BF4B-00C04F79EFBC}") = "slavagmBackend.Services", "slavagmBackend.Services\slavagmBackend.Services.csproj", "{47D6FBA5-595D-4F18-80F0-BDDB49093530}"
EndProject
Project("{FAE04EC0-301F-11D3-BF4B-00C04F79EFBC}") = "slavagmBackend.API", "slavagmBackend.API\slavagmBackend.API.csproj", "{36028C7A-A3FC-4D14-B450-D366247F1ABE}"
EndProject
Global
	GlobalSection(SolutionConfigurationPlatforms) = preSolution
		Debug|Any CPU = Debug|Any CPU
		Release|Any CPU = Release|Any CPU
	EndGlobalSection
	GlobalSection(ProjectConfigurationPlatforms) = postSolution
		{C1DE574D-0B89-41E6-A8BE-0538D54CF250}.Debug|Any CPU.ActiveCfg = Debug|Any CPU
		{C1DE574D-0B89-41E6-A8BE-0538D54CF250}.Debug|Any CPU.Build.0 = Debug|Any CPU
		{C1DE574D-0B89-41E6-A8BE-0538D54CF250}.Release|Any CPU.ActiveCfg = Release|Any CPU
		{C1DE574D-0B89-41E6-A8BE-0538D54CF250}.Release|Any CPU.Build.0 = Release|Any CPU
		{8E8C7EC8-8785-42BE-BFD2-607AFB72EE05}.Debug|Any CPU.ActiveCfg = Debug|Any CPU
		{8E8C7EC8-8785-42BE-BFD2-607AFB72EE05}.Debug|Any CPU.Build.0 = Debug|Any CPU
		{8E8C7EC8-8785-42BE-BFD2-607AFB72EE05}.Release|Any CPU.ActiveCfg = Release|Any CPU
		{8E8C7EC8-8785-42BE-BFD2-607AFB72EE05}.Release|Any CPU.Build.0 = Release|Any CPU
		{47D6FBA5-595D-4F18-80F0-BDDB49093530}.Debug|Any CPU.ActiveCfg = Debug|Any CPU
		{47D6FBA5-595D-4F18-80F0-BDDB49093530}.Debug|Any CPU.Build.0 = Debug|Any CPU
		{47D6FBA5-595D-4F18-80F0-BDDB49093530}.Release|Any CPU.ActiveCfg = Release|Any CPU
		{47D6FBA5-595D-4F18-80F0-BDDB49093530}.Release|Any CPU.Build.0 = Release|Any CPU
		{36028C7A-A3FC-4D14-B450-D366247F1ABE}.Debug|Any CPU.ActiveCfg = Debug|Any CPU
		{36028C7A-A3FC-4D14-B450-D366247F1ABE}.Debug|Any CPU.Build.0 = Debug|Any CPU
		{36028C7A-A3FC-4D14-B450-D366247F1ABE}.Release|Any CPU.ActiveCfg = Release|Any CPU
		{36028C7A-A3FC-4D14-B450-D366247F1ABE}.Release|Any CPU.Build.0 = Release|Any CPU
	EndGlobalSection
EndGlobal
